
Microsoft Visual Studio Solution File, Format Version 12.00
# Visual Studio Version 16
VisualStudioVersion = 16.0.33328.57
MinimumVisualStudioVersion = 10.0.40219.1
Project("{FAE04EC0-301F-11D3-BF4B-00C04F79EFBC}") = "clock", "clock.csproj", "{24C53AEC-73FD-4B3E-AE3E-0ED81296991E}"
EndProject
Global
	GlobalSection(SolutionConfigurationPlatforms) = preSolution
		Debug|Any CPU = Debug|Any CPU
		Release|Any CPU = Release|Any CPU
	EndGlobalSection
	GlobalSection(ProjectConfigurationPlatforms) = postSolution
		{24C53AEC-73FD-4B3E-AE3E-0ED81296991E}.Debug|Any CPU.ActiveCfg = Debug|Any CPU
		{24C53AEC-73FD-4B3E-AE3E-0ED81296991E}.Debug|Any CPU.Build.0 = Debug|Any CPU
		{24C53AEC-73FD-4B3E-AE3E-0ED81296991E}.Release|Any CPU.ActiveCfg = Release|Any CPU
		{24C53AEC-73FD-4B3E-AE3E-0ED81296991E}.Release|Any CPU.Build.0 = Release|Any CPU
	EndGlobalSection
	GlobalSection(SolutionProperties) = preSolution
		HideSolutionNode = FALSE
	EndGlobalSection
	GlobalSection(ExtensibilityGlobals) = postSolution
		SolutionGuid = {7A8B189B-33FF-425B-9226-64FEEB5FD09E}
	EndGlobalSection
EndGlobal
